
Microsoft Visual Studio Solution File, Format Version 12.00
# Visual Studio Version 16
VisualStudioVersion = 16.0.31515.178
MinimumVisualStudioVersion = 10.0.40219.1
Project("{FAE04EC0-301F-11D3-BF4B-00C04F79EFBC}") = "Restaurante", "Restaurante\Restaurante.csproj", "{95D4523C-9293-4404-939A-339F817C53B9}"
EndProject
Global
	GlobalSection(SolutionConfigurationPlatforms) = preSolution
		Debug|Any CPU = Debug|Any CPU
		Release|Any CPU = Release|Any CPU
	EndGlobalSection
	GlobalSection(ProjectConfigurationPlatforms) = postSolution
		{95D4523C-9293-4404-939A-339F817C53B9}.Debug|Any CPU.ActiveCfg = Debug|Any CPU
		{95D4523C-9293-4404-939A-339F817C53B9}.Debug|Any CPU.Build.0 = Debug|Any CPU
		{95D4523C-9293-4404-939A-339F817C53B9}.Release|Any CPU.ActiveCfg = Release|Any CPU
		{95D4523C-9293-4404-939A-339F817C53B9}.Release|Any CPU.Build.0 = Release|Any CPU
	EndGlobalSection
	GlobalSection(SolutionProperties) = preSolution
		HideSolutionNode = FALSE
	EndGlobalSection
	GlobalSection(ExtensibilityGlobals) = postSolution
		SolutionGuid = {A2230995-5AD6-497F-B341-17CB8BA6B8DB}
	EndGlobalSection
EndGlobal
